
Microsoft Visual Studio Solution File, Format Version 12.00
# Visual Studio Version 17
VisualStudioVersion = 17.0.31903.59
MinimumVisualStudioVersion = 10.0.40219.1
Project("{FAE04EC0-301F-11D3-BF4B-00C04F79EFBC}") = "BlazorThreeJS", "BlazorThreeJS\BlazorThreeJS.csproj", "{C2311870-3ACA-40A7-B412-102CD6C6962A}"
EndProject
Global
	GlobalSection(SolutionConfigurationPlatforms) = preSolution
		Debug|Any CPU = Debug|Any CPU
		Release|Any CPU = Release|Any CPU
	EndGlobalSection
	GlobalSection(ProjectConfigurationPlatforms) = postSolution
		{C2311870-3ACA-40A7-B412-102CD6C6962A}.Debug|Any CPU.ActiveCfg = Debug|Any CPU
		{C2311870-3ACA-40A7-B412-102CD6C6962A}.Debug|Any CPU.Build.0 = Debug|Any CPU
		{C2311870-3ACA-40A7-B412-102CD6C6962A}.Release|Any CPU.ActiveCfg = Release|Any CPU
		{C2311870-3ACA-40A7-B412-102CD6C6962A}.Release|Any CPU.Build.0 = Release|Any CPU
	EndGlobalSection
	GlobalSection(SolutionProperties) = preSolution
		HideSolutionNode = FALSE
	EndGlobalSection
	GlobalSection(ExtensibilityGlobals) = postSolution
		SolutionGuid = {A732F9CF-5A5D-433A-BF2E-D532927FC8BC}
	EndGlobalSection
EndGlobal
